// !$*UTF8*$!
{
	archiveVersion = 1;
	classes = {
	};
	objectVersion = 56;
	objects = {

/* Begin PBXBuildFile section */
		8CA3576F2C20A1B100422746 /* SymbolDetectorApp.swift in Sources */ = {isa = PBXBuildFile; fileRef = 8CA3576E2C20A1B100422746 /* SymbolDetectorApp.swift */; };
		8CA357712C20A1B100422746 /* ContentView.swift in Sources */ = {isa = PBXBuildFile; fileRef = 8CA357702C20A1B100422746 /* ContentView.swift */; };
		8CA357732C20A1B200422746 /* Assets.xcassets in Resources */ = {isa = PBXBuildFile; fileRef = 8CA357722C20A1B200422746 /* Assets.xcassets */; };
		8CA357772C20A1B200422746 /* Preview Assets.xcassets in Resources */ = {isa = PBXBuildFile; fileRef = 8CA357762C20A1B200422746 /* Preview Assets.xcassets */; };
		8CA357812C20A1B200422746 /* SymbolDetectorTests.swift in Sources */ = {isa = PBXBuildFile; fileRef = 8CA357802C20A1B200422746 /* SymbolDetectorTests.swift */; };
		8CA3578B2C20A1B200422746 /* SymbolDetectorUITests.swift in Sources */ = {isa = PBXBuildFile; fileRef = 8CA3578A2C20A1B200422746 /* SymbolDetectorUITests.swift */; };
		8CA3578D2C20A1B200422746 /* SymbolDetectorUITestsLaunchTests.swift in Sources */ = {isa = PBXBuildFile; fileRef = 8CA3578C2C20A1B200422746 /* SymbolDetectorUITestsLaunchTests.swift */; };
		8CA3579E2C20A90B00422746 /* BarcodeScannerView.swift in Sources */ = {isa = PBXBuildFile; fileRef = 8CA3579D2C20A90B00422746 /* BarcodeScannerView.swift */; };
/* End PBXBuildFile section */

/* Begin PBXContainerItemProxy section */
		8CA3577D2C20A1B200422746 /* PBXContainerItemProxy */ = {
			isa = PBXContainerItemProxy;
			containerPortal = 8CA357632C20A1B100422746 /* Project object */;
			proxyType = 1;
			remoteGlobalIDString = 8CA3576A2C20A1B100422746;
			remoteInfo = SymbolDetector;
		};
		8CA357872C20A1B200422746 /* PBXContainerItemProxy */ = {
			isa = PBXContainerItemProxy;
			containerPortal = 8CA357632C20A1B100422746 /* Project object */;
			proxyType = 1;
			remoteGlobalIDString = 8CA3576A2C20A1B100422746;
			remoteInfo = SymbolDetector;
		};
/* End PBXContainerItemProxy section */

/* Begin PBXFileReference section */
		8CA3576B2C20A1B100422746 /* SymbolDetector.app */ = {isa = PBXFileReference; explicitFileType = wrapper.application; includeInIndex = 0; path = SymbolDetector.app; sourceTree = BUILT_PRODUCTS_DIR; };
		8CA3576E2C20A1B100422746 /* SymbolDetectorApp.swift */ = {isa = PBXFileReference; lastKnownFileType = sourcecode.swift; path = SymbolDetectorApp.swift; sourceTree = "<group>"; };
		8CA357702C20A1B100422746 /* ContentView.swift */ = {isa = PBXFileReference; lastKnownFileType = sourcecode.swift; path = ContentView.swift; sourceTree = "<group>"; };
		8CA357722C20A1B200422746 /* Assets.xcassets */ = {isa = PBXFileReference; lastKnownFileType = folder.assetcatalog; path = Assets.xcassets; sourceTree = "<group>"; };
		8CA357742C20A1B200422746 /* SymbolDetector.entitlements */ = {isa = PBXFileReference; lastKnownFileType = text.plist.entitlements; path = SymbolDetector.entitlements; sourceTree = "<group>"; };
		8CA357762C20A1B200422746 /* Preview Assets.xcassets */ = {isa = PBXFileReference; lastKnownFileType = folder.assetcatalog; path = "Preview Assets.xcassets"; sourceTree = "<group>"; };
		8CA3577C2C20A1B200422746 /* SymbolDetectorTests.xctest */ = {isa = PBXFileReference; explicitFileType = wrapper.cfbundle; includeInIndex = 0; path = SymbolDetectorTests.xctest; sourceTree = BUILT_PRODUCTS_DIR; };
		8CA357802C20A1B200422746 /* SymbolDetectorTests.swift */ = {isa = PBXFileReference; lastKnownFileType = sourcecode.swift; path = SymbolDetectorTests.swift; sourceTree = "<group>"; };
		8CA357862C20A1B200422746 /* SymbolDetectorUITests.xctest */ = {isa = PBXFileReference; explicitFileType = wrapper.cfbundle; includeInIndex = 0; path = SymbolDetectorUITests.xctest; sourceTree = BUILT_PRODUCTS_DIR; };
		8CA3578A2C20A1B200422746 /* SymbolDetectorUITests.swift */ = {isa = PBXFileReference; lastKnownFileType = sourcecode.swift; path = SymbolDetectorUITests.swift; sourceTree = "<group>"; };
		8CA3578C2C20A1B200422746 /* SymbolDetectorUITestsLaunchTests.swift */ = {isa = PBXFileReference; lastKnownFileType = sourcecode.swift; path = SymbolDetectorUITestsLaunchTests.swift; sourceTree = "<group>"; };
		8CA3579D2C20A90B00422746 /* BarcodeScannerView.swift */ = {isa = PBXFileReference; lastKnownFileType = sourcecode.swift; path = BarcodeScannerView.swift; sourceTree = "<group>"; };
/* End PBXFileReference section */

/* Begin PBXFrameworksBuildPhase section */
		8CA357682C20A1B100422746 /* Frameworks */ = {
			isa = PBXFrameworksBuildPhase;
			buildActionMask = 2147483647;
			files = (
			);
			runOnlyForDeploymentPostprocessing = 0;
		};
		8CA357792C20A1B200422746 /* Frameworks */ = {
			isa = PBXFrameworksBuildPhase;
			buildActionMask = 2147483647;
			files = (
			);
			runOnlyForDeploymentPostprocessing = 0;
		};
		8CA357832C20A1B200422746 /* Frameworks */ = {
			isa = PBXFrameworksBuildPhase;
			buildActionMask = 2147483647;
			files = (
			);
			runOnlyForDeploymentPostprocessing = 0;
		};
/* End PBXFrameworksBuildPhase section */

/* Begin PBXGroup section */
		8CA357622C20A1B100422746 = {
			isa = PBXGroup;
			children = (
				8CA3576D2C20A1B100422746 /* SymbolDetector */,
				8CA3577F2C20A1B200422746 /* SymbolDetectorTests */,
				8CA357892C20A1B200422746 /* SymbolDetectorUITests */,
				8CA3576C2C20A1B100422746 /* Products */,
			);
			sourceTree = "<group>";
		};
		8CA3576C2C20A1B100422746 /* Products */ = {
			isa = PBXGroup;
			children = (
				8CA3576B2C20A1B100422746 /* SymbolDetector.app */,
				8CA3577C2C20A1B200422746 /* SymbolDetectorTests.xctest */,
				8CA357862C20A1B200422746 /* SymbolDetectorUITests.xctest */,
			);
			name = Products;
			sourceTree = "<group>";
		};
		8CA3576D2C20A1B100422746 /* SymbolDetector */ = {
			isa = PBXGroup;
			children = (
				8CA3576E2C20A1B100422746 /* SymbolDetectorApp.swift */,
				8CA357702C20A1B100422746 /* ContentView.swift */,
				8CA3579D2C20A90B00422746 /* BarcodeScannerView.swift */,
				8CA357722C20A1B200422746 /* Assets.xcassets */,
				8CA357742C20A1B200422746 /* SymbolDetector.entitlements */,
				8CA357752C20A1B200422746 /* Preview Content */,
			);
			path = SymbolDetector;
			sourceTree = "<group>";
		};
		8CA357752C20A1B200422746 /* Preview Content */ = {
			isa = PBXGroup;
			children = (
				8CA357762C20A1B200422746 /* Preview Assets.xcassets */,
			);
			path = "Preview Content";
			sourceTree = "<group>";
		};
		8CA3577F2C20A1B200422746 /* SymbolDetectorTests */ = {
			isa = PBXGroup;
			children = (
				8CA357802C20A1B200422746 /* SymbolDetectorTests.swift */,
			);
			path = SymbolDetectorTests;
			sourceTree = "<group>";
		};
		8CA357892C20A1B200422746 /* SymbolDetectorUITests */ = {
			isa = PBXGroup;
			children = (
				8CA3578A2C20A1B200422746 /* SymbolDetectorUITests.swift */,
				8CA3578C2C20A1B200422746 /* SymbolDetectorUITestsLaunchTests.swift */,
			);
			path = SymbolDetectorUITests;
			sourceTree = "<group>";
		};
/* End PBXGroup section */

/* Begin PBXNativeTarget section */
		8CA3576A2C20A1B100422746 /* SymbolDetector */ = {
			isa = PBXNativeTarget;
			buildConfigurationList = 8CA357902C20A1B200422746 /* Build configuration list for PBXNativeTarget "SymbolDetector" */;
			buildPhases = (
				8CA357672C20A1B100422746 /* Sources */,
				8CA357682C20A1B100422746 /* Frameworks */,
				8CA357692C20A1B100422746 /* Resources */,
			);
			buildRules = (
			);
			dependencies = (
			);
			name = SymbolDetector;
			productName = SymbolDetector;
			productReference = 8CA3576B2C20A1B100422746 /* SymbolDetector.app */;
			productType = "com.apple.product-type.application";
		};
		8CA3577B2C20A1B200422746 /* SymbolDetectorTests */ = {
			isa = PBXNativeTarget;
			buildConfigurationList = 8CA357932C20A1B200422746 /* Build configuration list for PBXNativeTarget "SymbolDetectorTests" */;
			buildPhases = (
				8CA357782C20A1B200422746 /* Sources */,
				8CA357792C20A1B200422746 /* Frameworks */,
				8CA3577A2C20A1B200422746 /* Resources */,
			);
			buildRules = (
			);
			dependencies = (
				8CA3577E2C20A1B200422746 /* PBXTargetDependency */,
			);
			name = SymbolDetectorTests;
			productName = SymbolDetectorTests;
			productReference = 8CA3577C2C20A1B200422746 /* SymbolDetectorTests.xctest */;
			productType = "com.apple.product-type.bundle.unit-test";
		};
		8CA357852C20A1B200422746 /* SymbolDetectorUITests */ = {
			isa = PBXNativeTarget;
			buildConfigurationList = 8CA357962C20A1B200422746 /* Build configuration list for PBXNativeTarget "SymbolDetectorUITests" */;
			buildPhases = (
				8CA357822C20A1B200422746 /* Sources */,
				8CA357832C20A1B200422746 /* Frameworks */,
				8CA357842C20A1B200422746 /* Resources */,
			);
			buildRules = (
			);
			dependencies = (
				8CA357882C20A1B200422746 /* PBXTargetDependency */,
			);
			name = SymbolDetectorUITests;
			productName = SymbolDetectorUITests;
			productReference = 8CA357862C20A1B200422746 /* SymbolDetectorUITests.xctest */;
			productType = "com.apple.product-type.bundle.ui-testing";
		};
/* End PBXNativeTarget section */

/* Begin PBXProject section */
		8CA357632C20A1B100422746 /* Project object */ = {
			isa = PBXProject;
			attributes = {
				BuildIndependentTargetsInParallel = 1;
				LastSwiftUpdateCheck = 1530;
				LastUpgradeCheck = 1530;
				TargetAttributes = {
					8CA3576A2C20A1B100422746 = {
						CreatedOnToolsVersion = 15.3;
					};
					8CA3577B2C20A1B200422746 = {
						CreatedOnToolsVersion = 15.3;
						TestTargetID = 8CA3576A2C20A1B100422746;
					};
					8CA357852C20A1B200422746 = {
						CreatedOnToolsVersion = 15.3;
						TestTargetID = 8CA3576A2C20A1B100422746;
					};
				};
			};
			buildConfigurationList = 8CA357662C20A1B100422746 /* Build configuration list for PBXProject "SymbolDetector" */;
			compatibilityVersion = "Xcode 14.0";
			developmentRegion = en;
			hasScannedForEncodings = 0;
			knownRegions = (
				en,
				Base,
			);
			mainGroup = 8CA357622C20A1B100422746;
			productRefGroup = 8CA3576C2C20A1B100422746 /* Products */;
			projectDirPath = "";
			projectRoot = "";
			targets = (
				8CA3576A2C20A1B100422746 /* SymbolDetector */,
				8CA3577B2C20A1B200422746 /* SymbolDetectorTests */,
				8CA357852C20A1B200422746 /* SymbolDetectorUITests */,
			);
		};
/* End PBXProject section */

/* Begin PBXResourcesBuildPhase section */
		8CA357692C20A1B100422746 /* Resources */ = {
			isa = PBXResourcesBuildPhase;
			buildActionMask = 2147483647;
			files = (
				8CA357772C20A1B200422746 /* Preview Assets.xcassets in Resources */,
				8CA357732C20A1B200422746 /* Assets.xcassets in Resources */,
			);
			runOnlyForDeploymentPostprocessing = 0;
		};
		8CA3577A2C20A1B200422746 /* Resources */ = {
			isa = PBXResourcesBuildPhase;
			buildActionMask = 2147483647;
			files = (
			);
			runOnlyForDeploymentPostprocessing = 0;
		};
		8CA357842C20A1B200422746 /* Resources */ = {
			isa = PBXResourcesBuildPhase;
			buildActionMask = 2147483647;
			files = (
			);
			runOnlyForDeploymentPostprocessing = 0;
		};
/* End PBXResourcesBuildPhase section */

/* Begin PBXSourcesBuildPhase section */
		8CA357672C20A1B100422746 /* Sources */ = {
			isa = PBXSourcesBuildPhase;
			buildActionMask = 2147483647;
			files = (
				8CA3579E2C20A90B00422746 /* BarcodeScannerView.swift in Sources */,
				8CA357712C20A1B100422746 /* ContentView.swift in Sources */,
				8CA3576F2C20A1B100422746 /* SymbolDetectorApp.swift in Sources */,
			);
			runOnlyForDeploymentPostprocessing = 0;
		};
		8CA357782C20A1B200422746 /* Sources */ = {
			isa = PBXSourcesBuildPhase;
			buildActionMask = 2147483647;
			files = (
				8CA357812C20A1B200422746 /* SymbolDetectorTests.swift in Sources */,
			);
			runOnlyForDeploymentPostprocessing = 0;
		};
		8CA357822C20A1B200422746 /* Sources */ = {
			isa = PBXSourcesBuildPhase;
			buildActionMask = 2147483647;
			files = (
				8CA3578D2C20A1B200422746 /* SymbolDetectorUITestsLaunchTests.swift in Sources */,
				8CA3578B2C20A1B200422746 /* SymbolDetectorUITests.swift in Sources */,
			);
			runOnlyForDeploymentPostprocessing = 0;
		};
/* End PBXSourcesBuildPhase section */

/* Begin PBXTargetDependency section */
		8CA3577E2C20A1B200422746 /* PBXTargetDependency */ = {
			isa = PBXTargetDependency;
			target = 8CA3576A2C20A1B100422746 /* SymbolDetector */;
			targetProxy = 8CA3577D2C20A1B200422746 /* PBXContainerItemProxy */;
		};
		8CA357882C20A1B200422746 /* PBXTargetDependency */ = {
			isa = PBXTargetDependency;
			target = 8CA3576A2C20A1B100422746 /* SymbolDetector */;
			targetProxy = 8CA357872C20A1B200422746 /* PBXContainerItemProxy */;
		};
/* End PBXTargetDependency section */

/* Begin XCBuildConfiguration section */
		8CA3578E2C20A1B200422746 /* Debug */ = {
			isa = XCBuildConfiguration;
			buildSettings = {
				ALWAYS_SEARCH_USER_PATHS = NO;
				ASSETCATALOG_COMPILER_GENERATE_SWIFT_ASSET_SYMBOL_EXTENSIONS = YES;
				CLANG_ANALYZER_NONNULL = YES;
				CLANG_ANALYZER_NUMBER_OBJECT_CONVERSION = YES_AGGRESSIVE;
				CLANG_CXX_LANGUAGE_STANDARD = "gnu++20";
				CLANG_ENABLE_MODULES = YES;
				CLANG_ENABLE_OBJC_ARC = YES;
				CLANG_ENABLE_OBJC_WEAK = YES;
				CLANG_WARN_BLOCK_CAPTURE_AUTORELEASING = YES;
				CLANG_WARN_BOOL_CONVERSION = YES;
				CLANG_WARN_COMMA = YES;
				CLANG_WARN_CONSTANT_CONVERSION = YES;
				CLANG_WARN_DEPRECATED_OBJC_IMPLEMENTATIONS = YES;
				CLANG_WARN_DIRECT_OBJC_ISA_USAGE = YES_ERROR;
				CLANG_WARN_DOCUMENTATION_COMMENTS = YES;
				CLANG_WARN_EMPTY_BODY = YES;
				CLANG_WARN_ENUM_CONVERSION = YES;
				CLANG_WARN_INFINITE_RECURSION = YES;
				CLANG_WARN_INT_CONVERSION = YES;
				CLANG_WARN_NON_LITERAL_NULL_CONVERSION = YES;
				CLANG_WARN_OBJC_IMPLICIT_RETAIN_SELF = YES;
				CLANG_WARN_OBJC_LITERAL_CONVERSION = YES;
				CLANG_WARN_OBJC_ROOT_CLASS = YES_ERROR;
				CLANG_WARN_QUOTED_INCLUDE_IN_FRAMEWORK_HEADER = YES;
				CLANG_WARN_RANGE_LOOP_ANALYSIS = YES;
				CLANG_WARN_STRICT_PROTOTYPES = YES;
				CLANG_WARN_SUSPICIOUS_MOVE = YES;
				CLANG_WARN_UNGUARDED_AVAILABILITY = YES_AGGRESSIVE;
				CLANG_WARN_UNREACHABLE_CODE = YES;
				CLANG_WARN__DUPLICATE_METHOD_MATCH = YES;
				COPY_PHASE_STRIP = NO;
				DEBUG_INFORMATION_FORMAT = dwarf;
				ENABLE_STRICT_OBJC_MSGSEND = YES;
				ENABLE_TESTABILITY = YES;
				ENABLE_USER_SCRIPT_SANDBOXING = YES;
				GCC_C_LANGUAGE_STANDARD = gnu17;
				GCC_DYNAMIC_NO_PIC = NO;
				GCC_NO_COMMON_BLOCKS = YES;
				GCC_OPTIMIZATION_LEVEL = 0;
				GCC_PREPROCESSOR_DEFINITIONS = (
					"DEBUG=1",
					"$(inherited)",
				);
				GCC_WARN_64_TO_32_BIT_CONVERSION = YES;
				GCC_WARN_ABOUT_RETURN_TYPE = YES_ERROR;
				GCC_WARN_UNDECLARED_SELECTOR = YES;
				GCC_WARN_UNINITIALIZED_AUTOS = YES_AGGRESSIVE;
				GCC_WARN_UNUSED_FUNCTION = YES;
				GCC_WARN_UNUSED_VARIABLE = YES;
				LOCALIZATION_PREFERS_STRING_CATALOGS = YES;
				MTL_ENABLE_DEBUG_INFO = INCLUDE_SOURCE;
				MTL_FAST_MATH = YES;
				ONLY_ACTIVE_ARCH = YES;
				SWIFT_ACTIVE_COMPILATION_CONDITIONS = "DEBUG $(inherited)";
				SWIFT_OPTIMIZATION_LEVEL = "-Onone";
			};
			name = Debug;
		};
		8CA3578F2C20A1B200422746 /* Release */ = {
			isa = XCBuildConfiguration;
			buildSettings = {
				ALWAYS_SEARCH_USER_PATHS = NO;
				ASSETCATALOG_COMPILER_GENERATE_SWIFT_ASSET_SYMBOL_EXTENSIONS = YES;
				CLANG_ANALYZER_NONNULL = YES;
				CLANG_ANALYZER_NUMBER_OBJECT_CONVERSION = YES_AGGRESSIVE;
				CLANG_CXX_LANGUAGE_STANDARD = "gnu++20";
				CLANG_ENABLE_MODULES = YES;
				CLANG_ENABLE_OBJC_ARC = YES;
				CLANG_ENABLE_OBJC_WEAK = YES;
				CLANG_WARN_BLOCK_CAPTURE_AUTORELEASING = YES;
				CLANG_WARN_BOOL_CONVERSION = YES;
				CLANG_WARN_COMMA = YES;
				CLANG_WARN_CONSTANT_CONVERSION = YES;
				CLANG_WARN_DEPRECATED_OBJC_IMPLEMENTATIONS = YES;
				CLANG_WARN_DIRECT_OBJC_ISA_USAGE = YES_ERROR;
				CLANG_WARN_DOCUMENTATION_COMMENTS = YES;
				CLANG_WARN_EMPTY_BODY = YES;
				CLANG_WARN_ENUM_CONVERSION = YES;
				CLANG_WARN_INFINITE_RECURSION = YES;
				CLANG_WARN_INT_CONVERSION = YES;
				CLANG_WARN_NON_LITERAL_NULL_CONVERSION = YES;
				CLANG_WARN_OBJC_IMPLICIT_RETAIN_SELF = YES;
				CLANG_WARN_OBJC_LITERAL_CONVERSION = YES;
				CLANG_WARN_OBJC_ROOT_CLASS = YES_ERROR;
				CLANG_WARN_QUOTED_INCLUDE_IN_FRAMEWORK_HEADER = YES;
				CLANG_WARN_RANGE_LOOP_ANALYSIS = YES;
				CLANG_WARN_STRICT_PROTOTYPES = YES;
				CLANG_WARN_SUSPICIOUS_MOVE = YES;
				CLANG_WARN_UNGUARDED_AVAILABILITY = YES_AGGRESSIVE;
				CLANG_WARN_UNREACHABLE_CODE = YES;
				CLANG_WARN__DUPLICATE_METHOD_MATCH = YES;
				COPY_PHASE_STRIP = NO;
				DEBUG_INFORMATION_FORMAT = "dwarf-with-dsym";
				ENABLE_NS_ASSERTIONS = NO;
				ENABLE_STRICT_OBJC_MSGSEND = YES;
				ENABLE_USER_SCRIPT_SANDBOXING = YES;
				GCC_C_LANGUAGE_STANDARD = gnu17;
				GCC_NO_COMMON_BLOCKS = YES;
				GCC_WARN_64_TO_32_BIT_CONVERSION = YES;
				GCC_WARN_ABOUT_RETURN_TYPE = YES_ERROR;
				GCC_WARN_UNDECLARED_SELECTOR = YES;
				GCC_WARN_UNINITIALIZED_AUTOS = YES_AGGRESSIVE;
				GCC_WARN_UNUSED_FUNCTION = YES;
				GCC_WARN_UNUSED_VARIABLE = YES;
				LOCALIZATION_PREFERS_STRING_CATALOGS = YES;
				MTL_ENABLE_DEBUG_INFO = NO;
				MTL_FAST_MATH = YES;
				SWIFT_COMPILATION_MODE = wholemodule;
			};
			name = Release;
		};
		8CA357912C20A1B200422746 /* Debug */ = {
			isa = XCBuildConfiguration;
			buildSettings = {
				ASSETCATALOG_COMPILER_APPICON_NAME = AppIcon;
				ASSETCATALOG_COMPILER_GLOBAL_ACCENT_COLOR_NAME = AccentColor;
				CODE_SIGN_ENTITLEMENTS = SymbolDetector/SymbolDetector.entitlements;
				CODE_SIGN_STYLE = Automatic;
				CURRENT_PROJECT_VERSION = 1;
				DEVELOPMENT_ASSET_PATHS = "\"SymbolDetector/Preview Content\"";
				DEVELOPMENT_TEAM = 5A93SZ468C;
				ENABLE_HARDENED_RUNTIME = YES;
				ENABLE_PREVIEWS = YES;
				GENERATE_INFOPLIST_FILE = YES;
				"INFOPLIST_KEY_UIApplicationSceneManifest_Generation[sdk=iphoneos*]" = YES;
				"INFOPLIST_KEY_UIApplicationSceneManifest_Generation[sdk=iphonesimulator*]" = YES;
				"INFOPLIST_KEY_UIApplicationSupportsIndirectInputEvents[sdk=iphoneos*]" = YES;
				"INFOPLIST_KEY_UIApplicationSupportsIndirectInputEvents[sdk=iphonesimulator*]" = YES;
				"INFOPLIST_KEY_UILaunchScreen_Generation[sdk=iphoneos*]" = YES;
				"INFOPLIST_KEY_UILaunchScreen_Generation[sdk=iphonesimulator*]" = YES;
				"INFOPLIST_KEY_UIStatusBarStyle[sdk=iphoneos*]" = UIStatusBarStyleDefault;
				"INFOPLIST_KEY_UIStatusBarStyle[sdk=iphonesimulator*]" = UIStatusBarStyleDefault;
				INFOPLIST_KEY_UISupportedInterfaceOrientations_iPad = "UIInterfaceOrientationPortrait UIInterfaceOrientationPortraitUpsideDown UIInterfaceOrientationLandscapeLeft UIInterfaceOrientationLandscapeRight";
				INFOPLIST_KEY_UISupportedInterfaceOrientations_iPhone = "UIInterfaceOrientationPortrait UIInterfaceOrientationLandscapeLeft UIInterfaceOrientationLandscapeRight";
				IPHONEOS_DEPLOYMENT_TARGET = 17.4;
				LD_RUNPATH_SEARCH_PATHS = "@executable_path/Frameworks";
				"LD_RUNPATH_SEARCH_PATHS[sdk=macosx*]" = "@executable_path/../Frameworks";
				MACOSX_DEPLOYMENT_TARGET = 14.4;
				MARKETING_VERSION = 1.0;
				PRODUCT_BUNDLE_IDENTIFIER = Ethan.SymbolDetector;
				PRODUCT_NAME = "$(TARGET_NAME)";
				SDKROOT = auto;
				SUPPORTED_PLATFORMS = "iphoneos iphonesimulator macosx";
				SWIFT_EMIT_LOC_STRINGS = YES;
				SWIFT_VERSION = 5.0;
				TARGETED_DEVICE_FAMILY = "1,2";
			};
			name = Debug;
		};
		8CA357922C20A1B200422746 /* Release */ = {
			isa = XCBuildConfiguration;
			buildSettings = {
				ASSETCATALOG_COMPILER_APPICON_NAME = AppIcon;
				ASSETCATALOG_COMPILER_GLOBAL_ACCENT_COLOR_NAME = AccentColor;
				CODE_SIGN_ENTITLEMENTS = SymbolDetector/SymbolDetector.entitlements;
				CODE_SIGN_STYLE = Automatic;
				CURRENT_PROJECT_VERSION = 1;
				DEVELOPMENT_ASSET_PATHS = "\"SymbolDetector/Preview Content\"";
				DEVELOPMENT_TEAM = 5A93SZ468C;
				ENABLE_HARDENED_RUNTIME = YES;
				ENABLE_PREVIEWS = YES;
				GENERATE_INFOPLIST_FILE = YES;
				"INFOPLIST_KEY_UIApplicationSceneManifest_Generation[sdk=iphoneos*]" = YES;
				"INFOPLIST_KEY_UIApplicationSceneManifest_Generation[sdk=iphonesimulator*]" = YES;
				"INFOPLIST_KEY_UIApplicationSupportsIndirectInputEvents[sdk=iphoneos*]" = YES;
				"INFOPLIST_KEY_UIApplicationSupportsIndirectInputEvents[sdk=iphonesimulator*]" = YES;
				"INFOPLIST_KEY_UILaunchScreen_Generation[sdk=iphoneos*]" = YES;
				"INFOPLIST_KEY_UILaunchScreen_Generation[sdk=iphonesimulator*]" = YES;
				"INFOPLIST_KEY_UIStatusBarStyle[sdk=iphoneos*]" = UIStatusBarStyleDefault;
				"INFOPLIST_KEY_UIStatusBarStyle[sdk=iphonesimulator*]" = UIStatusBarStyleDefault;
				INFOPLIST_KEY_UISupportedInterfaceOrientations_iPad = "UIInterfaceOrientationPortrait UIInterfaceOrientationPortraitUpsideDown UIInterfaceOrientationLandscapeLeft UIInterfaceOrientationLandscapeRight";
				INFOPLIST_KEY_UISupportedInterfaceOrientations_iPhone = "UIInterfaceOrientationPortrait UIInterfaceOrientationLandscapeLeft UIInterfaceOrientationLandscapeRight";
				IPHONEOS_DEPLOYMENT_TARGET = 17.4;
				LD_RUNPATH_SEARCH_PATHS = "@executable_path/Frameworks";
				"LD_RUNPATH_SEARCH_PATHS[sdk=macosx*]" = "@executable_path/../Frameworks";
				MACOSX_DEPLOYMENT_TARGET = 14.4;
				MARKETING_VERSION = 1.0;
				PRODUCT_BUNDLE_IDENTIFIER = Ethan.SymbolDetector;
				PRODUCT_NAME = "$(TARGET_NAME)";
				SDKROOT = auto;
				SUPPORTED_PLATFORMS = "iphoneos iphonesimulator macosx";
				SWIFT_EMIT_LOC_STRINGS = YES;
				SWIFT_VERSION = 5.0;
				TARGETED_DEVICE_FAMILY = "1,2";
			};
			name = Release;
		};
		8CA357942C20A1B200422746 /* Debug */ = {
			isa = XCBuildConfiguration;
			buildSettings = {
				ALWAYS_EMBED_SWIFT_STANDARD_LIBRARIES = YES;
				BUNDLE_LOADER = "$(TEST_HOST)";
				CODE_SIGN_STYLE = Automatic;
				CURRENT_PROJECT_VERSION = 1;
				DEVELOPMENT_TEAM = 5A93SZ468C;
				GENERATE_INFOPLIST_FILE = YES;
				IPHONEOS_DEPLOYMENT_TARGET = 17.4;
				MACOSX_DEPLOYMENT_TARGET = 14.4;
				MARKETING_VERSION = 1.0;
				PRODUCT_BUNDLE_IDENTIFIER = Ethan.SymbolDetectorTests;
				PRODUCT_NAME = "$(TARGET_NAME)";
				SDKROOT = auto;
				SUPPORTED_PLATFORMS = "iphoneos iphonesimulator macosx";
				SWIFT_EMIT_LOC_STRINGS = NO;
				SWIFT_VERSION = 5.0;
				TARGETED_DEVICE_FAMILY = "1,2";
				TEST_HOST = "$(BUILT_PRODUCTS_DIR)/SymbolDetector.app/$(BUNDLE_EXECUTABLE_FOLDER_PATH)/SymbolDetector";
			};
			name = Debug;
		};
		8CA357952C20A1B200422746 /* Release */ = {
			isa = XCBuildConfiguration;
			buildSettings = {
				ALWAYS_EMBED_SWIFT_STANDARD_LIBRARIES = YES;
				BUNDLE_LOADER = "$(TEST_HOST)";
				CODE_SIGN_STYLE = Automatic;
				CURRENT_PROJECT_VERSION = 1;
				DEVELOPMENT_TEAM = 5A93SZ468C;
				GENERATE_INFOPLIST_FILE = YES;
				IPHONEOS_DEPLOYMENT_TARGET = 17.4;
				MACOSX_DEPLOYMENT_TARGET = 14.4;
				MARKETING_VERSION = 1.0;
				PRODUCT_BUNDLE_IDENTIFIER = Ethan.SymbolDetectorTests;
				PRODUCT_NAME = "$(TARGET_NAME)";
				SDKROOT = auto;
				SUPPORTED_PLATFORMS = "iphoneos iphonesimulator macosx";
				SWIFT_EMIT_LOC_STRINGS = NO;
				SWIFT_VERSION = 5.0;
				TARGETED_DEVICE_FAMILY = "1,2";
				TEST_HOST = "$(BUILT_PRODUCTS_DIR)/SymbolDetector.app/$(BUNDLE_EXECUTABLE_FOLDER_PATH)/SymbolDetector";
			};
			name = Release;
		};
		8CA357972C20A1B200422746 /* Debug */ = {
			isa = XCBuildConfiguration;
			buildSettings = {
				ALWAYS_EMBED_SWIFT_STANDARD_LIBRARIES = YES;
				CODE_SIGN_STYLE = Automatic;
				CURRENT_PROJECT_VERSION = 1;
				DEVELOPMENT_TEAM = 5A93SZ468C;
				GENERATE_INFOPLIST_FILE = YES;
				IPHONEOS_DEPLOYMENT_TARGET = 17.4;
				MACOSX_DEPLOYMENT_TARGET = 14.4;
				MARKETING_VERSION = 1.0;
				PRODUCT_BUNDLE_IDENTIFIER = Ethan.SymbolDetectorUITests;
				PRODUCT_NAME = "$(TARGET_NAME)";
				SDKROOT = auto;
				SUPPORTED_PLATFORMS = "iphoneos iphonesimulator macosx";
				SWIFT_EMIT_LOC_STRINGS = NO;
				SWIFT_VERSION = 5.0;
				TARGETED_DEVICE_FAMILY = "1,2";
				TEST_TARGET_NAME = SymbolDetector;
			};
			name = Debug;
		};
		8CA357982C20A1B200422746 /* Release */ = {
			isa = XCBuildConfiguration;
			buildSettings = {
				ALWAYS_EMBED_SWIFT_STANDARD_LIBRARIES = YES;
				CODE_SIGN_STYLE = Automatic;
				CURRENT_PROJECT_VERSION = 1;
				DEVELOPMENT_TEAM = 5A93SZ468C;
				GENERATE_INFOPLIST_FILE = YES;
				IPHONEOS_DEPLOYMENT_TARGET = 17.4;
				MACOSX_DEPLOYMENT_TARGET = 14.4;
				MARKETING_VERSION = 1.0;
				PRODUCT_BUNDLE_IDENTIFIER = Ethan.SymbolDetectorUITests;
				PRODUCT_NAME = "$(TARGET_NAME)";
				SDKROOT = auto;
				SUPPORTED_PLATFORMS = "iphoneos iphonesimulator macosx";
				SWIFT_EMIT_LOC_STRINGS = NO;
				SWIFT_VERSION = 5.0;
				TARGETED_DEVICE_FAMILY = "1,2";
				TEST_TARGET_NAME = SymbolDetector;
			};
			name = Release;
		};
/* End XCBuildConfiguration section */

/* Begin XCConfigurationList section */
		8CA357662C20A1B100422746 /* Build configuration list for PBXProject "SymbolDetector" */ = {
			isa = XCConfigurationList;
			buildConfigurations = (
				8CA3578E2C20A1B200422746 /* Debug */,
				8CA3578F2C20A1B200422746 /* Release */,
			);
			defaultConfigurationIsVisible = 0;
			defaultConfigurationName = Release;
		};
		8CA357902C20A1B200422746 /* Build configuration list for PBXNativeTarget "SymbolDetector" */ = {
			isa = XCConfigurationList;
			buildConfigurations = (
				8CA357912C20A1B200422746 /* Debug */,
				8CA357922C20A1B200422746 /* Release */,
			);
			defaultConfigurationIsVisible = 0;
			defaultConfigurationName = Release;
		};
		8CA357932C20A1B200422746 /* Build configuration list for PBXNativeTarget "SymbolDetectorTests" */ = {
			isa = XCConfigurationList;
			buildConfigurations = (
				8CA357942C20A1B200422746 /* Debug */,
				8CA357952C20A1B200422746 /* Release */,
			);
			defaultConfigurationIsVisible = 0;
			defaultConfigurationName = Release;
		};
		8CA357962C20A1B200422746 /* Build configuration list for PBXNativeTarget "SymbolDetectorUITests" */ = {
			isa = XCConfigurationList;
			buildConfigurations = (
				8CA357972C20A1B200422746 /* Debug */,
				8CA357982C20A1B200422746 /* Release */,
			);
			defaultConfigurationIsVisible = 0;
			defaultConfigurationName = Release;
		};
/* End XCConfigurationList section */
	};
	rootObject = 8CA357632C20A1B100422746 /* Project object */;
}
